<Solution>
  <Folder Name="/src/">
    <Project Path="src/Lokad.Jq/Lokad.Jq.csproj" />
  </Folder>
  <Folder Name="/tests/">
    <Project Path="tests/Lokad.Jq.Tests/Lokad.Jq.Tests.csproj" />
  </Folder>
  <Folder Name="/benchmarks/">
    <Project Path="benchmarks/Lokad.Jq.Benchmarks/Lokad.Jq.Benchmarks.csproj" />
  </Folder>
</Solution>
